github.com/go-sql-driver/mysql v1.4.0 h1:7LxgVwFb2hIQtMm87NdgAVfXjnt4OePseqT1tKx+opk=
github.com/go-sql-driver/mysql v1.4.0/go.mod h1:zAC/RDZ24gD3HViQzih4MyKcchzm+sOG5ZlKdlhCg5w=
github.com/silsuer/bingo-events v0.0.0-20181107121525-b6f7fa7605ae/go.mod h1:OYzQz6JdAulpxqbm5xFEGN7gq2rJLUYT2djI6g3CMIY=
